
Microsoft Visual Studio Solution File, Format Version 12.00
# Visual Studio Version 17
VisualStudioVersion = 17.10.35013.160
MinimumVisualStudioVersion = 10.0.40219.1
Project("{FAE04EC0-301F-11D3-BF4B-00C04F79EFBC}") = "ContactAppFluentMVC", "ContactAppFluentMVC\ContactAppFluentMVC.csproj", "{1320388D-4EE7-4342-8504-668E78DED9CC}"
EndProject
Global
	GlobalSection(SolutionConfigurationPlatforms) = preSolution
		Debug|Any CPU = Debug|Any CPU
		Release|Any CPU = Release|Any CPU
	EndGlobalSection
	GlobalSection(ProjectConfigurationPlatforms) = postSolution
		{1320388D-4EE7-4342-8504-668E78DED9CC}.Debug|Any CPU.ActiveCfg = Debug|Any CPU
		{1320388D-4EE7-4342-8504-668E78DED9CC}.Debug|Any CPU.Build.0 = Debug|Any CPU
		{1320388D-4EE7-4342-8504-668E78DED9CC}.Release|Any CPU.ActiveCfg = Release|Any CPU
		{1320388D-4EE7-4342-8504-668E78DED9CC}.Release|Any CPU.Build.0 = Release|Any CPU
	EndGlobalSection
	GlobalSection(SolutionProperties) = preSolution
		HideSolutionNode = FALSE
	EndGlobalSection
	GlobalSection(ExtensibilityGlobals) = postSolution
		SolutionGuid = {11B55E05-EFE7-4694-9591-B31E9A66F5EB}
	EndGlobalSection
EndGlobal
